version = 1
revision = 3
requires-python = ">=3.13"

[[package]]
name = "asgiref"
version = "3.9.1"
source = { registry = "https://pypi.org/simple" }
sdist = { url = "https://files.pythonhosted.org/packages/90/61/0aa957eec22ff70b830b22ff91f825e70e1ef732c06666a805730f28b36b/asgiref-3.9.1.tar.gz", hash = "sha256:a5ab6582236218e5ef1648f242fd9f10626cfd4de8dc377db215d5d5098e3142", size = 36870, upload-time = "2025-07-08T09:07:43.344Z" }
wheels = [
    { url = "https://files.pythonhosted.org/packages/7c/3c/0464dcada90d5da0e71018c04a140ad6349558afb30b3051b4264cc5b965/asgiref-3.9.1-py3-none-any.whl", hash = "sha256:f3bba7092a48005b5f5bacd747d36ee4a5a61f4a269a6df590b43144355ebd2c", size = 23790, upload-time = "2025-07-08T09:07:41.548Z" },
]

[[package]]
name = "colorama"
version = "0.4.6"
source = { registry = "https://pypi.org/simple" }
sdist = { url = "https://files.pythonhosted.org/packages/d8/53/6f443c9a4a8358a93a6792e2acffb9d9d5cb0a5cfd8802644b7b1c9a02e4/colorama-0.4.6.tar.gz", hash = "sha256:08695f5cb7ed6e0531a20572697297273c47b8cae5a63ffc6d6ed5c201be6e44", size = 27697, upload-time = "2022-10-25T02:36:22.414Z" }
wheels = [
    { url = "https://files.pythonhosted.org/packages/d1/d6/3965ed04c63042e047cb6a3e6ed1a63a35087b6a609aa3a15ed8ac56c221/colorama-0.4.6-py2.py3-none-any.whl", hash = "sha256:4f1d9991f5acc0ca119f9d443620b77f9d6b33703e51011c16baf57afb285fc6", size = 25335, upload-time = "2022-10-25T02:36:20.889Z" },
]

[[package]]
name = "crispy-bootstrap5"
version = "2025.6"
source = { registry = "https://pypi.org/simple" }
dependencies = [
    { name = "django" },
    { name = "django-crispy-forms" },
]
sdist = { url = "https://files.pythonhosted.org/packages/97/30/36cc4144b6dff91bb54490a3b474897b7469bcda9517bf9f54681ea91011/crispy_bootstrap5-2025.6.tar.gz", hash = "sha256:f1bde7cac074c650fc82f31777d4a4cfd0df2512c68bc4128f259c75d3daada4", size = 23950, upload-time = "2025-06-08T07:43:35.461Z" }
wheels = [
    { url = "https://files.pythonhosted.org/packages/d8/d4/8cf1ba773a91fc17bab1fd46b75bbdef780c4cccbbb8230e617980a0362c/crispy_bootstrap5-2025.6-py3-none-any.whl", hash = "sha256:a343aa128b4383f35f00295b94de2b10862f2a4f24eda21fa6ead45234c07050", size = 24794, upload-time = "2025-06-08T07:43:34.206Z" },
]

[[package]]
name = "django"
version = "5.2.5"
source = { registry = "https://pypi.org/simple" }
dependencies = [
    { name = "asgiref" },
    { name = "sqlparse" },
    { name = "tzdata", marker = "sys_platform == 'win32'" },
]
sdist = { url = "https://files.pythonhosted.org/packages/62/9b/779f853c3d2d58b9e08346061ff3e331cdec3fe3f53aae509e256412a593/django-5.2.5.tar.gz", hash = "sha256:0745b25681b129a77aae3d4f6549b62d3913d74407831abaa0d9021a03954bae", size = 10859748, upload-time = "2025-08-06T08:26:29.978Z" }
wheels = [
    { url = "https://files.pythonhosted.org/packages/9d/6e/98a1d23648e0085bb5825326af17612ecd8fc76be0ce96ea4dc35e17b926/django-5.2.5-py3-none-any.whl", hash = "sha256:2b2ada0ee8a5ff743a40e2b9820d1f8e24c11bac9ae6469cd548f0057ea6ddcd", size = 8302999, upload-time = "2025-08-06T08:26:23.562Z" },
]

[[package]]
name = "django-bootstrap5"
version = "25.2"
source = { registry = "https://pypi.org/simple" }
dependencies = [
    { name = "django" },
]
sdist = { url = "https://files.pythonhosted.org/packages/40/97/7c905896f8014978e982f5cfe3c3a56131cf5042d8983f33b98b196ef119/django_bootstrap5-25.2.tar.gz", hash = "sha256:abcfcd543efc19aaab4456a12b566507f684cfda98effc5dd3ad5167ba05c7b3", size = 129765, upload-time = "2025-07-30T12:33:30.216Z" }
wheels = [
    { url = "https://files.pythonhosted.org/packages/45/e4/becdbbb273a4176029df49999d78169600000747ed7b5118dab13fe49d99/django_bootstrap5-25.2-py3-none-any.whl", hash = "sha256:9418969fa5932729dc1addb1b70f13c9312a522b15033219ac3cbc5728eb8937", size = 26740, upload-time = "2025-07-30T12:33:28.581Z" },
]

[[package]]
name = "django-crispy-forms"
version = "2.4"
source = { registry = "https://pypi.org/simple" }
dependencies = [
    { name = "django" },
]
sdist = { url = "https://files.pythonhosted.org/packages/88/a1/ffd7b0e160296121d88e3e173165370000ee4de7328f5c4f4b266638dcd9/django_crispy_forms-2.4.tar.gz", hash = "sha256:915e1ffdeb2987d78b33fabfeff8e5203c8776aa910a3a659a2c514ca125f3bd", size = 278932, upload-time = "2025-04-13T07:25:00.176Z" }
wheels = [
    { url = "https://files.pythonhosted.org/packages/1d/ec/a25f81e56a674e63cf6c3dd8e36b1b3fecc238fecd6098504adc0cc61402/django_crispy_forms-2.4-py3-none-any.whl", hash = "sha256:5a4b99876cfb1bdd3e47727731b6d4197c51c0da502befbfbec6a93010b02030", size = 31446, upload-time = "2025-04-13T07:24:58.516Z" },
]

[[package]]
name = "django-debug-toolbar"
version = "6.0.0"
source = { registry = "https://pypi.org/simple" }
dependencies = [
    { name = "django" },
    { name = "sqlparse" },
]
sdist = { url = "https://files.pythonhosted.org/packages/c5/d5/5fc90234532088aeec5faa48d5b09951cc7eab6626030ed427d3bd8cd9bc/django_debug_toolbar-6.0.0.tar.gz", hash = "sha256:6eb9fa6f4a5884bf04004700ffb5a44043f1fff38784447fc52c1633448c8c14", size = 305331, upload-time = "2025-07-25T13:11:48.68Z" }
wheels = [
    { url = "https://files.pythonhosted.org/packages/05/b5/4724a8c18fcc5b09dca7b7a0e70c34208317bb110075ad12484d6588ae91/django_debug_toolbar-6.0.0-py3-none-any.whl", hash = "sha256:0cf2cac5c307b77d6e143c914e5c6592df53ffe34642d93929e5ef095ae56841", size = 266967, upload-time = "2025-07-25T13:11:47.265Z" },
]

[[package]]
name = "django-htmx"
version = "1.23.2"
source = { registry = "https://pypi.org/simple" }
dependencies = [
    { name = "asgiref" },
    { name = "django" },
]
sdist = { url = "https://files.pythonhosted.org/packages/84/d4/1709593b01799c29c8d5a6f72973d787c8b881b0f8e2767b9e913fe2c688/django_htmx-1.23.2.tar.gz", hash = "sha256:65a8c8825fcae983b94aedce26af96a70717ab185d55cdb8a7a4bb68863ab079", size = 64415, upload-time = "2025-06-27T14:09:32.539Z" }
wheels = [
    { url = "https://files.pythonhosted.org/packages/3c/84/d5b29c102743abd61e1852b619263c8938b8516c71a138f4053114270743/django_htmx-1.23.2-py3-none-any.whl", hash = "sha256:c288fe92bdcfa7c2ed9665d6d23cc55c6693a7cc8d22cf0a01e1e38318874030", size = 61503, upload-time = "2025-06-27T14:09:31.272Z" },
]

[[package]]
name = "django-reset-migrations"
version = "0.4.0"
source = { registry = "https://pypi.org/simple" }
dependencies = [
    { name = "django" },
]
wheels = [
    { url = "https://files.pythonhosted.org/packages/23/11/97257821445ec2d8553f1bc3ba696c00f570d717b7cda77fd70d0e4188f8/django_reset_migrations-0.4.0-py3-none-any.whl", hash = "sha256:902921c626a7d2c3348330b8afd8336ab46e4137165027817d5c2aeac884274d", size = 7972, upload-time = "2020-01-09T13:01:53.87Z" },
]

[[package]]
name = "django-stubs"
version = "5.2.2"
source = { registry = "https://pypi.org/simple" }
dependencies = [
    { name = "django" },
    { name = "django-stubs-ext" },
    { name = "types-pyyaml" },
    { name = "typing-extensions" },
]
sdist = { url = "https://files.pythonhosted.org/packages/bc/27/ab9813da817a29ae69ec92af31ad8fc58ce3c904f23ea604bd3bdd9adc37/django_stubs-5.2.2.tar.gz", hash = "sha256:2a04b510c7a812f88223fd7e6d87fb4ea98717f19c8e5c8b59691d83ad40a8a6", size = 243049, upload-time = "2025-07-17T08:35:02.747Z" }
wheels = [
    { url = "https://files.pythonhosted.org/packages/55/cb/bb387a1d40691ad54fec2be9e5093becebd63cca0ccb9348cbb27602e1d1/django_stubs-5.2.2-py3-none-any.whl", hash = "sha256:79bd0fdbc78958a8f63e0b062bd9d03f1de539664476c0be62ade5f063c9e41e", size = 485188, upload-time = "2025-07-17T08:35:00.356Z" },
]

[[package]]
name = "django-stubs-ext"
version = "5.2.2"
source = { registry = "https://pypi.org/simple" }
dependencies = [
    { name = "django" },
    { name = "typing-extensions" },
]
sdist = { url = "https://files.pythonhosted.org/packages/fc/06/5e94715d103e6cc72380cb0d0b6682a7d5ad2c366cee478c94d77aad777d/django_stubs_ext-5.2.2.tar.gz", hash = "sha256:d9d151b919fe2438760f5bd938f03e1cb08c84d0651f9e5917f1313907e42683", size = 6244, upload-time = "2025-07-17T08:34:35.054Z" }
wheels = [
    { url = "https://files.pythonhosted.org/packages/4e/38/2903676f97f7902ee31984a06756b0e8836e897f4b617e1a03be4a43eb4f/django_stubs_ext-5.2.2-py3-none-any.whl", hash = "sha256:8833bbe32405a2a0ce168d3f75a87168f61bd16939caf0e8bf173bccbd8a44c5", size = 8816, upload-time = "2025-07-17T08:34:33.715Z" },
]

[[package]]
name = "iniconfig"
version = "2.1.0"
source = { registry = "https://pypi.org/simple" }
sdist = { url = "https://files.pythonhosted.org/packages/f2/97/ebf4da567aa6827c909642694d71c9fcf53e5b504f2d96afea02718862f3/iniconfig-2.1.0.tar.gz", hash = "sha256:3abbd2e30b36733fee78f9c7f7308f2d0050e88f0087fd25c2645f63c773e1c7", size = 4793, upload-time = "2025-03-19T20:09:59.721Z" }
wheels = [
    { url = "https://files.pythonhosted.org/packages/2c/e1/e6716421ea10d38022b952c159d5161ca1193197fb744506875fbb87ea7b/iniconfig-2.1.0-py3-none-any.whl", hash = "sha256:9deba5723312380e77435581c6bf4935c94cbfab9b1ed33ef8d238ea168eb760", size = 6050, upload-time = "2025-03-19T20:10:01.071Z" },
]

[[package]]
name = "mypy"
version = "1.17.1"
source = { registry = "https://pypi.org/simple" }
dependencies = [
    { name = "mypy-extensions" },
    { name = "pathspec" },
    { name = "typing-extensions" },
]
sdist = { url = "https://files.pythonhosted.org/packages/8e/22/ea637422dedf0bf36f3ef238eab4e455e2a0dcc3082b5cc067615347ab8e/mypy-1.17.1.tar.gz", hash = "sha256:25e01ec741ab5bb3eec8ba9cdb0f769230368a22c959c4937360efb89b7e9f01", size = 3352570, upload-time = "2025-07-31T07:54:19.204Z" }
wheels = [
    { url = "https://files.pythonhosted.org/packages/5b/82/aec2fc9b9b149f372850291827537a508d6c4d3664b1750a324b91f71355/mypy-1.17.1-cp313-cp313-macosx_10_13_x86_64.whl", hash = "sha256:93378d3203a5c0800c6b6d850ad2f19f7a3cdf1a3701d3416dbf128805c6a6a7", size = 11075338, upload-time = "2025-07-31T07:53:38.873Z" },
    { url = "https://files.pythonhosted.org/packages/07/ac/ee93fbde9d2242657128af8c86f5d917cd2887584cf948a8e3663d0cd737/mypy-1.17.1-cp313-cp313-macosx_11_0_arm64.whl", hash = "sha256:15d54056f7fe7a826d897789f53dd6377ec2ea8ba6f776dc83c2902b899fee81", size = 10113066, upload-time = "2025-07-31T07:54:14.707Z" },
    { url = "https://files.pythonhosted.org/packages/5a/68/946a1e0be93f17f7caa56c45844ec691ca153ee8b62f21eddda336a2d203/mypy-1.17.1-cp313-cp313-manylinux2014_aarch64.manylinux_2_17_aarch64.manylinux_2_28_aarch64.whl", hash = "sha256:209a58fed9987eccc20f2ca94afe7257a8f46eb5df1fb69958650973230f91e6", size = 11875473, upload-time = "2025-07-31T07:53:14.504Z" },
    { url = "https://files.pythonhosted.org/packages/9f/0f/478b4dce1cb4f43cf0f0d00fba3030b21ca04a01b74d1cd272a528cf446f/mypy-1.17.1-cp313-cp313-manylinux2014_x86_64.manylinux_2_17_x86_64.manylinux_2_28_x86_64.whl", hash = "sha256:099b9a5da47de9e2cb5165e581f158e854d9e19d2e96b6698c0d64de911dd849", size = 12744296, upload-time = "2025-07-31T07:53:03.896Z" },
    { url = "https://files.pythonhosted.org/packages/ca/70/afa5850176379d1b303f992a828de95fc14487429a7139a4e0bdd17a8279/mypy-1.17.1-cp313-cp313-musllinux_1_2_x86_64.whl", hash = "sha256:fa6ffadfbe6994d724c5a1bb6123a7d27dd68fc9c059561cd33b664a79578e14", size = 12914657, upload-time = "2025-07-31T07:54:08.576Z" },
    { url = "https://files.pythonhosted.org/packages/53/f9/4a83e1c856a3d9c8f6edaa4749a4864ee98486e9b9dbfbc93842891029c2/mypy-1.17.1-cp313-cp313-win_amd64.whl", hash = "sha256:9a2b7d9180aed171f033c9f2fc6c204c1245cf60b0cb61cf2e7acc24eea78e0a", size = 9593320, upload-time = "2025-07-31T07:53:01.341Z" },
    { url = "https://files.pythonhosted.org/packages/38/56/79c2fac86da57c7d8c48622a05873eaab40b905096c33597462713f5af90/mypy-1.17.1-cp314-cp314-macosx_10_13_x86_64.whl", hash = "sha256:15a83369400454c41ed3a118e0cc58bd8123921a602f385cb6d6ea5df050c733", size = 11040037, upload-time = "2025-07-31T07:54:10.942Z" },
    { url = "https://files.pythonhosted.org/packages/4d/c3/adabe6ff53638e3cad19e3547268482408323b1e68bf082c9119000cd049/mypy-1.17.1-cp314-cp314-macosx_11_0_arm64.whl", hash = "sha256:55b918670f692fc9fba55c3298d8a3beae295c5cded0a55dccdc5bbead814acd", size = 10131550, upload-time = "2025-07-31T07:53:41.307Z" },
    { url = "https://files.pythonhosted.org/packages/b8/c5/2e234c22c3bdeb23a7817af57a58865a39753bde52c74e2c661ee0cfc640/mypy-1.17.1-cp314-cp314-manylinux2014_aarch64.manylinux_2_17_aarch64.manylinux_2_28_aarch64.whl", hash = "sha256:62761474061feef6f720149d7ba876122007ddc64adff5ba6f374fda35a018a0", size = 11872963, upload-time = "2025-07-31T07:53:16.878Z" },
    { url = "https://files.pythonhosted.org/packages/ab/26/c13c130f35ca8caa5f2ceab68a247775648fdcd6c9a18f158825f2bc2410/mypy-1.17.1-cp314-cp314-manylinux2014_x86_64.manylinux_2_17_x86_64.manylinux_2_28_x86_64.whl", hash = "sha256:c49562d3d908fd49ed0938e5423daed8d407774a479b595b143a3d7f87cdae6a", size = 12710189, upload-time = "2025-07-31T07:54:01.962Z" },
    { url = "https://files.pythonhosted.org/packages/82/df/c7d79d09f6de8383fe800521d066d877e54d30b4fb94281c262be2df84ef/mypy-1.17.1-cp314-cp314-musllinux_1_2_x86_64.whl", hash = "sha256:397fba5d7616a5bc60b45c7ed204717eaddc38f826e3645402c426057ead9a91", size = 12900322, upload-time = "2025-07-31T07:53:10.551Z" },
    { url = "https://files.pythonhosted.org/packages/b8/98/3d5a48978b4f708c55ae832619addc66d677f6dc59f3ebad71bae8285ca6/mypy-1.17.1-cp314-cp314-win_amd64.whl", hash = "sha256:9d6b20b97d373f41617bd0708fd46aa656059af57f2ef72aa8c7d6a2b73b74ed", size = 9751879, upload-time = "2025-07-31T07:52:56.683Z" },
    { url = "https://files.pythonhosted.org/packages/1d/f3/8fcd2af0f5b806f6cf463efaffd3c9548a28f84220493ecd38d127b6b66d/mypy-1.17.1-py3-none-any.whl", hash = "sha256:a9f52c0351c21fe24c21d8c0eb1f62967b262d6729393397b6f443c3b773c3b9", size = 2283411, upload-time = "2025-07-31T07:53:24.664Z" },
]

[[package]]
name = "mypy-extensions"
version = "1.1.0"
source = { registry = "https://pypi.org/simple" }
sdist = { url = "https://files.pythonhosted.org/packages/a2/6e/371856a3fb9d31ca8dac321cda606860fa4548858c0cc45d9d1d4ca2628b/mypy_extensions-1.1.0.tar.gz", hash = "sha256:52e68efc3284861e772bbcd66823fde5ae21fd2fdb51c62a211403730b916558", size = 6343, upload-time = "2025-04-22T14:54:24.164Z" }
wheels = [
    { url = "https://files.pythonhosted.org/packages/79/7b/2c79738432f5c924bef5071f933bcc9efd0473bac3b4aa584a6f7c1c8df8/mypy_extensions-1.1.0-py3-none-any.whl", hash = "sha256:1be4cccdb0f2482337c4743e60421de3a356cd97508abadd57d47403e94f5505", size = 4963, upload-time = "2025-04-22T14:54:22.983Z" },
]

[[package]]
name = "nrmp-simulated"
version = "0.1.0"
source = { virtual = "." }
dependencies = [
    { name = "crispy-bootstrap5" },
    { name = "django" },
    { name = "django-bootstrap5" },
    { name = "django-crispy-forms" },
    { name = "django-htmx" },
]

[package.dev-dependencies]
dev = [
    { name = "django-debug-toolbar" },
    { name = "django-reset-migrations" },
    { name = "django-stubs" },
    { name = "mypy" },
    { name = "pytest" },
    { name = "ruff" },
    { name = "ty" },
]

[package.metadata]
requires-dist = [
    { name = "crispy-bootstrap5", specifier = ">=2025.6" },
    { name = "django", specifier = ">=5.2.5" },
    { name = "django-bootstrap5", specifier = ">=25.2" },
    { name = "django-crispy-forms", specifier = ">=2.4" },
    { name = "django-htmx", specifier = ">=1.23.2" },
]

[package.metadata.requires-dev]
dev = [
    { name = "django-debug-toolbar", specifier = ">=6.0.0" },
    { name = "django-reset-migrations", specifier = ">=0.4.0" },
    { name = "django-stubs", specifier = ">=5.2.2" },
    { name = "mypy", specifier = ">=1.17.1" },
    { name = "pytest", specifier = ">=8.4.1" },
    { name = "ruff", specifier = ">=0.12.10" },
    { name = "ty", specifier = ">=0.0.1a19" },
]

[[package]]
name = "packaging"
version = "25.0"
source = { registry = "https://pypi.org/simple" }
sdist = { url = "https://files.pythonhosted.org/packages/a1/d4/1fc4078c65507b51b96ca8f8c3ba19e6a61c8253c72794544580a7b6c24d/packaging-25.0.tar.gz", hash = "sha256:d443872c98d677bf60f6a1f2f8c1cb748e8fe762d2bf9d3148b5599295b0fc4f", size = 165727, upload-time = "2025-04-19T11:48:59.673Z" }
wheels = [
    { url = "https://files.pythonhosted.org/packages/20/12/38679034af332785aac8774540895e234f4d07f7545804097de4b666afd8/packaging-25.0-py3-none-any.whl", hash = "sha256:29572ef2b1f17581046b3a2227d5c611fb25ec70ca1ba8554b24b0e69331a484", size = 66469, upload-time = "2025-04-19T11:48:57.875Z" },
]

[[package]]
name = "pathspec"
version = "0.12.1"
source = { registry = "https://pypi.org/simple" }
sdist = { url = "https://files.pythonhosted.org/packages/ca/bc/f35b8446f4531a7cb215605d100cd88b7ac6f44ab3fc94870c120ab3adbf/pathspec-0.12.1.tar.gz", hash = "sha256:a482d51503a1ab33b1c67a6c3813a26953dbdc71c31dacaef9a838c4e29f5712", size = 51043, upload-time = "2023-12-10T22:30:45Z" }
wheels = [
    { url = "https://files.pythonhosted.org/packages/cc/20/ff623b09d963f88bfde16306a54e12ee5ea43e9b597108672ff3a408aad6/pathspec-0.12.1-py3-none-any.whl", hash = "sha256:a0d503e138a4c123b27490a4f7beda6a01c6f288df0e4a8b79c7eb0dc7b4cc08", size = 31191, upload-time = "2023-12-10T22:30:43.14Z" },
]

[[package]]
name = "pluggy"
version = "1.6.0"
source = { registry = "https://pypi.org/simple" }
sdist = { url = "https://files.pythonhosted.org/packages/f9/e2/3e91f31a7d2b083fe6ef3fa267035b518369d9511ffab804f839851d2779/pluggy-1.6.0.tar.gz", hash = "sha256:7dcc130b76258d33b90f61b658791dede3486c3e6bfb003ee5c9bfb396dd22f3", size = 69412, upload-time = "2025-05-15T12:30:07.975Z" }
wheels = [
    { url = "https://files.pythonhosted.org/packages/54/20/4d324d65cc6d9205fabedc306948156824eb9f0ee1633355a8f7ec5c66bf/pluggy-1.6.0-py3-none-any.whl", hash = "sha256:e920276dd6813095e9377c0bc5566d94c932c33b27a3e3945d8389c374dd4746", size = 20538, upload-time = "2025-05-15T12:30:06.134Z" },
]

[[package]]
name = "pygments"
version = "2.19.2"
source = { registry = "https://pypi.org/simple" }
sdist = { url = "https://files.pythonhosted.org/packages/b0/77/a5b8c569bf593b0140bde72ea885a803b82086995367bf2037de0159d924/pygments-2.19.2.tar.gz", hash = "sha256:636cb2477cec7f8952536970bc533bc43743542f70392ae026374600add5b887", size = 4968631, upload-time = "2025-06-21T13:39:12.283Z" }
wheels = [
    { url = "https://files.pythonhosted.org/packages/c7/21/705964c7812476f378728bdf590ca4b771ec72385c533964653c68e86bdc/pygments-2.19.2-py3-none-any.whl", hash = "sha256:86540386c03d588bb81d44bc3928634ff26449851e99741617ecb9037ee5ec0b", size = 1225217, upload-time = "2025-06-21T13:39:07.939Z" },
]

[[package]]
name = "pytest"
version = "8.4.1"
source = { registry = "https://pypi.org/simple" }
dependencies = [
    { name = "colorama", marker = "sys_platform == 'win32'" },
    { name = "iniconfig" },
    { name = "packaging" },
    { name = "pluggy" },
    { name = "pygments" },
]
sdist = { url = "https://files.pythonhosted.org/packages/08/ba/45911d754e8eba3d5a841a5ce61a65a685ff1798421ac054f85aa8747dfb/pytest-8.4.1.tar.gz", hash = "sha256:7c67fd69174877359ed9371ec3af8a3d2b04741818c51e5e99cc1742251fa93c", size = 1517714, upload-time = "2025-06-18T05:48:06.109Z" }
wheels = [
    { url = "https://files.pythonhosted.org/packages/29/16/c8a903f4c4dffe7a12843191437d7cd8e32751d5de349d45d3fe69544e87/pytest-8.4.1-py3-none-any.whl", hash = "sha256:539c70ba6fcead8e78eebbf1115e8b589e7565830d7d006a8723f19ac8a0afb7", size = 365474, upload-time = "2025-06-18T05:48:03.955Z" },
]

[[package]]
name = "ruff"
version = "0.12.10"
source = { registry = "https://pypi.org/simple" }
sdist = { url = "https://files.pythonhosted.org/packages/3b/eb/8c073deb376e46ae767f4961390d17545e8535921d2f65101720ed8bd434/ruff-0.12.10.tar.gz", hash = "sha256:189ab65149d11ea69a2d775343adf5f49bb2426fc4780f65ee33b423ad2e47f9", size = 5310076, upload-time = "2025-08-21T18:23:22.595Z" }
wheels = [
    { url = "https://files.pythonhosted.org/packages/24/e7/560d049d15585d6c201f9eeacd2fd130def3741323e5ccf123786e0e3c95/ruff-0.12.10-py3-none-linux_armv6l.whl", hash = "sha256:8b593cb0fb55cc8692dac7b06deb29afda78c721c7ccfed22db941201b7b8f7b", size = 11935161, upload-time = "2025-08-21T18:22:26.965Z" },
    { url = "https://files.pythonhosted.org/packages/d1/b0/ad2464922a1113c365d12b8f80ed70fcfb39764288ac77c995156080488d/ruff-0.12.10-py3-none-macosx_10_12_x86_64.whl", hash = "sha256:ebb7333a45d56efc7c110a46a69a1b32365d5c5161e7244aaf3aa20ce62399c1", size = 12660884, upload-time = "2025-08-21T18:22:30.925Z" },
    { url = "https://files.pythonhosted.org/packages/d7/f1/97f509b4108d7bae16c48389f54f005b62ce86712120fd8b2d8e88a7cb49/ruff-0.12.10-py3-none-macosx_11_0_arm64.whl", hash = "sha256:d59e58586829f8e4a9920788f6efba97a13d1fa320b047814e8afede381c6839", size = 11872754, upload-time = "2025-08-21T18:22:34.035Z" },
    { url = "https://files.pythonhosted.org/packages/12/ad/44f606d243f744a75adc432275217296095101f83f966842063d78eee2d3/ruff-0.12.10-py3-none-manylinux_2_17_aarch64.manylinux2014_aarch64.whl", hash = "sha256:822d9677b560f1fdeab69b89d1f444bf5459da4aa04e06e766cf0121771ab844", size = 12092276, upload-time = "2025-08-21T18:22:36.764Z" },
    { url = "https://files.pythonhosted.org/packages/06/1f/ed6c265e199568010197909b25c896d66e4ef2c5e1c3808caf461f6f3579/ruff-0.12.10-py3-none-manylinux_2_17_armv7l.manylinux2014_armv7l.whl", hash = "sha256:37b4a64f4062a50c75019c61c7017ff598cb444984b638511f48539d3a1c98db", size = 11734700, upload-time = "2025-08-21T18:22:39.822Z" },
    { url = "https://files.pythonhosted.org/packages/63/c5/b21cde720f54a1d1db71538c0bc9b73dee4b563a7dd7d2e404914904d7f5/ruff-0.12.10-py3-none-manylinux_2_17_i686.manylinux2014_i686.whl", hash = "sha256:2c6f4064c69d2542029b2a61d39920c85240c39837599d7f2e32e80d36401d6e", size = 13468783, upload-time = "2025-08-21T18:22:42.559Z" },
    { url = "https://files.pythonhosted.org/packages/02/9e/39369e6ac7f2a1848f22fb0b00b690492f20811a1ac5c1fd1d2798329263/ruff-0.12.10-py3-none-manylinux_2_17_ppc64.manylinux2014_ppc64.whl", hash = "sha256:059e863ea3a9ade41407ad71c1de2badfbe01539117f38f763ba42a1206f7559", size = 14436642, upload-time = "2025-08-21T18:22:45.612Z" },
    { url = "https://files.pythonhosted.org/packages/e3/03/5da8cad4b0d5242a936eb203b58318016db44f5c5d351b07e3f5e211bb89/ruff-0.12.10-py3-none-manylinux_2_17_ppc64le.manylinux2014_ppc64le.whl", hash = "sha256:1bef6161e297c68908b7218fa6e0e93e99a286e5ed9653d4be71e687dff101cf", size = 13859107, upload-time = "2025-08-21T18:22:48.886Z" },
    { url = "https://files.pythonhosted.org/packages/19/19/dd7273b69bf7f93a070c9cec9494a94048325ad18fdcf50114f07e6bf417/ruff-0.12.10-py3-none-manylinux_2_17_s390x.manylinux2014_s390x.whl", hash = "sha256:4f1345fbf8fb0531cd722285b5f15af49b2932742fc96b633e883da8d841896b", size = 12886521, upload-time = "2025-08-21T18:22:51.567Z" },
    { url = "https://files.pythonhosted.org/packages/c0/1d/b4207ec35e7babaee62c462769e77457e26eb853fbdc877af29417033333/ruff-0.12.10-py3-none-manylinux_2_17_x86_64.manylinux2014_x86_64.whl", hash = "sha256:1f68433c4fbc63efbfa3ba5db31727db229fa4e61000f452c540474b03de52a9", size = 13097528, upload-time = "2025-08-21T18:22:54.609Z" },
    { url = "https://files.pythonhosted.org/packages/ff/00/58f7b873b21114456e880b75176af3490d7a2836033779ca42f50de3b47a/ruff-0.12.10-py3-none-manylinux_2_31_riscv64.whl", hash = "sha256:141ce3d88803c625257b8a6debf4a0473eb6eed9643a6189b68838b43e78165a", size = 13080443, upload-time = "2025-08-21T18:22:57.413Z" },
    { url = "https://files.pythonhosted.org/packages/12/8c/9e6660007fb10189ccb78a02b41691288038e51e4788bf49b0a60f740604/ruff-0.12.10-py3-none-musllinux_1_2_aarch64.whl", hash = "sha256:f3fc21178cd44c98142ae7590f42ddcb587b8e09a3b849cbc84edb62ee95de60", size = 11896759, upload-time = "2025-08-21T18:23:00.473Z" },
    { url = "https://files.pythonhosted.org/packages/67/4c/6d092bb99ea9ea6ebda817a0e7ad886f42a58b4501a7e27cd97371d0ba54/ruff-0.12.10-py3-none-musllinux_1_2_armv7l.whl", hash = "sha256:7d1a4e0bdfafcd2e3e235ecf50bf0176f74dd37902f241588ae1f6c827a36c56", size = 11701463, upload-time = "2025-08-21T18:23:03.211Z" },
    { url = "https://files.pythonhosted.org/packages/59/80/d982c55e91df981f3ab62559371380616c57ffd0172d96850280c2b04fa8/ruff-0.12.10-py3-none-musllinux_1_2_i686.whl", hash = "sha256:e67d96827854f50b9e3e8327b031647e7bcc090dbe7bb11101a81a3a2cbf1cc9", size = 12691603, upload-time = "2025-08-21T18:23:06.935Z" },
    { url = "https://files.pythonhosted.org/packages/ad/37/63a9c788bbe0b0850611669ec6b8589838faf2f4f959647f2d3e320383ae/ruff-0.12.10-py3-none-musllinux_1_2_x86_64.whl", hash = "sha256:ae479e1a18b439c59138f066ae79cc0f3ee250712a873d00dbafadaad9481e5b", size = 13164356, upload-time = "2025-08-21T18:23:10.225Z" },
    { url = "https://files.pythonhosted.org/packages/47/d4/1aaa7fb201a74181989970ebccd12f88c0fc074777027e2a21de5a90657e/ruff-0.12.10-py3-none-win32.whl", hash = "sha256:9de785e95dc2f09846c5e6e1d3a3d32ecd0b283a979898ad427a9be7be22b266", size = 11896089, upload-time = "2025-08-21T18:23:14.232Z" },
    { url = "https://files.pythonhosted.org/packages/ad/14/2ad38fd4037daab9e023456a4a40ed0154e9971f8d6aed41bdea390aabd9/ruff-0.12.10-py3-none-win_amd64.whl", hash = "sha256:7837eca8787f076f67aba2ca559cefd9c5cbc3a9852fd66186f4201b87c1563e", size = 13004616, upload-time = "2025-08-21T18:23:17.422Z" },
    { url = "https://files.pythonhosted.org/packages/24/3c/21cf283d67af33a8e6ed242396863af195a8a6134ec581524fd22b9811b6/ruff-0.12.10-py3-none-win_arm64.whl", hash = "sha256:cc138cc06ed9d4bfa9d667a65af7172b47840e1a98b02ce7011c391e54635ffc", size = 12074225, upload-time = "2025-08-21T18:23:20.137Z" },
]

[[package]]
name = "sqlparse"
version = "0.5.3"
source = { registry = "https://pypi.org/simple" }
sdist = { url = "https://files.pythonhosted.org/packages/e5/40/edede8dd6977b0d3da179a342c198ed100dd2aba4be081861ee5911e4da4/sqlparse-0.5.3.tar.gz", hash = "sha256:09f67787f56a0b16ecdbde1bfc7f5d9c3371ca683cfeaa8e6ff60b4807ec9272", size = 84999, upload-time = "2024-12-10T12:05:30.728Z" }
wheels = [
    { url = "https://files.pythonhosted.org/packages/a9/5c/bfd6bd0bf979426d405cc6e71eceb8701b148b16c21d2dc3c261efc61c7b/sqlparse-0.5.3-py3-none-any.whl", hash = "sha256:cf2196ed3418f3ba5de6af7e82c694a9fbdbfecccdfc72e281548517081f16ca", size = 44415, upload-time = "2024-12-10T12:05:27.824Z" },
]

[[package]]
name = "ty"
version = "0.0.1a19"
source = { registry = "https://pypi.org/simple" }
sdist = { url = "https://files.pythonhosted.org/packages/c0/04/281c1a3c9c53dae5826b9d01a3412de653e3caf1ca50ce1265da66e06d73/ty-0.0.1a19.tar.gz", hash = "sha256:894f6a13a43989c8ef891ae079b3b60a0c0eae00244abbfbbe498a3840a235ac", size = 4098412, upload-time = "2025-08-19T13:29:58.559Z" }
wheels = [
    { url = "https://files.pythonhosted.org/packages/3e/65/a61cfcc7248b0257a3110bf98d3d910a4729c1063abdbfdcd1cad9012323/ty-0.0.1a19-py3-none-linux_armv6l.whl", hash = "sha256:e0e7762f040f4bab1b37c57cb1b43cc3bc5afb703fa5d916dfcafa2ef885190e", size = 8143744, upload-time = "2025-08-19T13:29:13.88Z" },
    { url = "https://files.pythonhosted.org/packages/02/d9/232afef97d9afa2274d23a4c49a3ad690282ca9696e1b6bbb6e4e9a1b072/ty-0.0.1a19-py3-none-macosx_10_12_x86_64.whl", hash = "sha256:cd0a67ac875f49f34d9a0b42dcabf4724194558a5dd36867209d5695c67768f7", size = 8305799, upload-time = "2025-08-19T13:29:17.322Z" },
    { url = "https://files.pythonhosted.org/packages/20/14/099d268da7a9cccc6ba38dfc124f6742a1d669bc91f2c61a3465672b4f71/ty-0.0.1a19-py3-none-macosx_11_0_arm64.whl", hash = "sha256:ff8b1c0b85137333c39eccd96c42603af8ba7234d6e2ed0877f66a4a26750dd4", size = 7901431, upload-time = "2025-08-19T13:29:21.635Z" },
    { url = "https://files.pythonhosted.org/packages/c2/cd/3f1ca6e1d7f77cc4d08910a3fc4826313c031c0aae72286ae859e737670c/ty-0.0.1a19-py3-none-manylinux_2_17_aarch64.manylinux2014_aarch64.whl", hash = "sha256:4fef34a29f4b97d78aa30e60adbbb12137cf52b8b2b0f1a408dd0feb0466908a", size = 8051501, upload-time = "2025-08-19T13:29:23.741Z" },
    { url = "https://files.pythonhosted.org/packages/47/72/ddbec39f48ce3f5f6a3fa1f905c8fff2873e59d2030f738814032bd783e3/ty-0.0.1a19-py3-none-manylinux_2_17_armv7l.manylinux2014_armv7l.whl", hash = "sha256:b0f219cb43c0c50fc1091f8ebd5548d3ef31ee57866517b9521d5174978af9fd", size = 7981234, upload-time = "2025-08-19T13:29:25.839Z" },
    { url = "https://files.pythonhosted.org/packages/f2/0f/58e76b8d4634df066c790d362e8e73b25852279cd6f817f099b42a555a66/ty-0.0.1a19-py3-none-manylinux_2_17_i686.manylinux2014_i686.whl", hash = "sha256:22abb6c1f14c65c1a2fafd38e25dd3c87994b3ab88cb0b323235b51dbad082d9", size = 8916394, upload-time = "2025-08-19T13:29:27.932Z" },
    { url = "https://files.pythonhosted.org/packages/70/30/01bfd93ccde11540b503e2539e55f6a1fc6e12433a229191e248946eb753/ty-0.0.1a19-py3-none-manylinux_2_17_ppc64.manylinux2014_ppc64.whl", hash = "sha256:5b49225c349a3866e38dd297cb023a92d084aec0e895ed30ca124704bff600e6", size = 9412024, upload-time = "2025-08-19T13:29:30.942Z" },
    { url = "https://files.pythonhosted.org/packages/a8/a2/2216d752f5f22c5c0995f9b13f18337301220f2a7d952c972b33e6a63583/ty-0.0.1a19-py3-none-manylinux_2_17_ppc64le.manylinux2014_ppc64le.whl", hash = "sha256:88f41728b3b07402e0861e3c34412ca963268e55f6ab1690208f25d37cb9d63c", size = 9032657, upload-time = "2025-08-19T13:29:33.933Z" },
    { url = "https://files.pythonhosted.org/packages/24/c7/e6650b0569be1b69a03869503d07420c9fb3e90c9109b09726c44366ce63/ty-0.0.1a19-py3-none-manylinux_2_17_s390x.manylinux2014_s390x.whl", hash = "sha256:33814a1197ec3e930fcfba6fb80969fe7353957087b42b88059f27a173f7510b", size = 8812775, upload-time = "2025-08-19T13:29:36.505Z" },
    { url = "https://files.pythonhosted.org/packages/35/c6/b8a20e06b97fe8203059d56d8f91cec4f9633e7ba65f413d80f16aa0be04/ty-0.0.1a19-py3-none-manylinux_2_17_x86_64.manylinux2014_x86_64.whl", hash = "sha256:d71b7f2b674a287258f628acafeecd87691b169522945ff6192cd8a69af15857", size = 8631417, upload-time = "2025-08-19T13:29:38.837Z" },
    { url = "https://files.pythonhosted.org/packages/be/99/821ca1581dcf3d58ffb7bbe1cde7e1644dbdf53db34603a16a459a0b302c/ty-0.0.1a19-py3-none-musllinux_1_2_aarch64.whl", hash = "sha256:3a7f8ef9ac4c38e8651c18c7380649c5a3fa9adb1a6012c721c11f4bbdc0ce24", size = 7928900, upload-time = "2025-08-19T13:29:41.08Z" },
    { url = "https://files.pythonhosted.org/packages/08/cb/59f74a0522e57565fef99e2287b2bc803ee47ff7dac250af26960636939f/ty-0.0.1a19-py3-none-musllinux_1_2_armv7l.whl", hash = "sha256:60f40e72f0fbf4e54aa83d9a6cb1959f551f83de73af96abbb94711c1546bd60", size = 8003310, upload-time = "2025-08-19T13:29:43.165Z" },
    { url = "https://files.pythonhosted.org/packages/4c/b3/1209b9acb5af00a2755114042e48fb0f71decc20d9d77a987bf5b3d1a102/ty-0.0.1a19-py3-none-musllinux_1_2_i686.whl", hash = "sha256:64971e4d3e3f83dc79deb606cc438255146cab1ab74f783f7507f49f9346d89d", size = 8496463, upload-time = "2025-08-19T13:29:46.136Z" },
    { url = "https://files.pythonhosted.org/packages/a2/d6/a4b6ba552d347a08196d83a4d60cb23460404a053dd3596e23a922bce544/ty-0.0.1a19-py3-none-musllinux_1_2_x86_64.whl", hash = "sha256:9aadbff487e2e1486e83543b4f4c2165557f17432369f419be9ba48dc47625ca", size = 8700633, upload-time = "2025-08-19T13:29:49.351Z" },
    { url = "https://files.pythonhosted.org/packages/96/c5/258f318d68b95685c8d98fb654a38882c9d01ce5d9426bed06124f690f04/ty-0.0.1a19-py3-none-win32.whl", hash = "sha256:00b75b446357ee22bcdeb837cb019dc3bc1dc5e5013ff0f46a22dfe6ce498fe2", size = 7811441, upload-time = "2025-08-19T13:29:52.077Z" },
    { url = "https://files.pythonhosted.org/packages/fb/bb/039227eee3c0c0cddc25f45031eea0f7f10440713f12d333f2f29cf8e934/ty-0.0.1a19-py3-none-win_amd64.whl", hash = "sha256:aaef76b2f44f6379c47adfe58286f0c56041cb2e374fd8462ae8368788634469", size = 8441186, upload-time = "2025-08-19T13:29:54.53Z" },
    { url = "https://files.pythonhosted.org/packages/74/5f/bceb29009670ae6f759340f9cb434121bc5ed84ad0f07bdc6179eaaa3204/ty-0.0.1a19-py3-none-win_arm64.whl", hash = "sha256:893755bb35f30653deb28865707e3b16907375c830546def2741f6ff9a764710", size = 8000810, upload-time = "2025-08-19T13:29:56.796Z" },
]

[[package]]
name = "types-pyyaml"
version = "6.0.12.20250822"
source = { registry = "https://pypi.org/simple" }
sdist = { url = "https://files.pythonhosted.org/packages/49/85/90a442e538359ab5c9e30de415006fb22567aa4301c908c09f19e42975c2/types_pyyaml-6.0.12.20250822.tar.gz", hash = "sha256:259f1d93079d335730a9db7cff2bcaf65d7e04b4a56b5927d49a612199b59413", size = 17481, upload-time = "2025-08-22T03:02:16.209Z" }
wheels = [
    { url = "https://files.pythonhosted.org/packages/32/8e/8f0aca667c97c0d76024b37cffa39e76e2ce39ca54a38f285a64e6ae33ba/types_pyyaml-6.0.12.20250822-py3-none-any.whl", hash = "sha256:1fe1a5e146aa315483592d292b72a172b65b946a6d98aa6ddd8e4aa838ab7098", size = 20314, upload-time = "2025-08-22T03:02:15.002Z" },
]

[[package]]
name = "typing-extensions"
version = "4.14.1"
source = { registry = "https://pypi.org/simple" }
sdist = { url = "https://files.pythonhosted.org/packages/98/5a/da40306b885cc8c09109dc2e1abd358d5684b1425678151cdaed4731c822/typing_extensions-4.14.1.tar.gz", hash = "sha256:38b39f4aeeab64884ce9f74c94263ef78f3c22467c8724005483154c26648d36", size = 107673, upload-time = "2025-07-04T13:28:34.16Z" }
wheels = [
    { url = "https://files.pythonhosted.org/packages/b5/00/d631e67a838026495268c2f6884f3711a15a9a2a96cd244fdaea53b823fb/typing_extensions-4.14.1-py3-none-any.whl", hash = "sha256:d1e1e3b58374dc93031d6eda2420a48ea44a36c2b4766a4fdeb3710755731d76", size = 43906, upload-time = "2025-07-04T13:28:32.743Z" },
]

[[package]]
name = "tzdata"
version = "2025.2"
source = { registry = "https://pypi.org/simple" }
sdist = { url = "https://files.pythonhosted.org/packages/95/32/1a225d6164441be760d75c2c42e2780dc0873fe382da3e98a2e1e48361e5/tzdata-2025.2.tar.gz", hash = "sha256:b60a638fcc0daffadf82fe0f57e53d06bdec2f36c4df66280ae79bce6bd6f2b9", size = 196380, upload-time = "2025-03-23T13:54:43.652Z" }
wheels = [
    { url = "https://files.pythonhosted.org/packages/5c/23/c7abc0ca0a1526a0774eca151daeb8de62ec457e77262b66b359c3c7679e/tzdata-2025.2-py2.py3-none-any.whl", hash = "sha256:1a403fada01ff9221ca8044d701868fa132215d84beb92242d9acd2147f667a8", size = 347839, upload-time = "2025-03-23T13:54:41.845Z" },
]
